{
  "version": 4,
  "terraform_version": "1.0.0",
  "serial": 15,
  "lineage": "72a72f1c-bb4b-af46-3993-8fe9444a1df0",
  "outputs": {
    "email": {
      "value": "test1gcp@grand-reference-317002.iam.gserviceaccount.com",
      "type": "string"
    }
  },
  "resources": [
    {
      "mode": "managed",
      "type": "google_container_node_pool",
      "name": "primary_preemptible_nodes",
      "provider": "provider[\"registry.terraform.io/hashicorp/google\"]",
      "instances": []
    },
    {
      "mode": "managed",
      "type": "google_project_iam_member",
      "name": "service_account-roles",
      "provider": "provider[\"registry.terraform.io/hashicorp/google\"]",
      "instances": [
        {
          "index_key": "roles/logging.logWriter",
          "schema_version": 0,
          "attributes": {
            "condition": [],
            "etag": "BwXE2tvUmtI=",
            "id": "grand-reference-317002/roles/logging.logWriter/serviceAccount:test1gcp@grand-reference-317002.iam.gserviceaccount.com",
            "member": "serviceAccount:test1gcp@grand-reference-317002.iam.gserviceaccount.com",
            "project": "grand-reference-317002",
            "role": "roles/logging.logWriter"
          },
          "sensitive_attributes": [],
          "private": "bnVsbA==",
          "dependencies": [
            "google_service_account.service_account"
          ]
        },
        {
          "index_key": "roles/monitoring.metricWriter",
          "schema_version": 0,
          "attributes": {
            "condition": [],
            "etag": "BwXE2tvUmtI=",
            "id": "grand-reference-317002/roles/monitoring.metricWriter/serviceAccount:test1gcp@grand-reference-317002.iam.gserviceaccount.com",
            "member": "serviceAccount:test1gcp@grand-reference-317002.iam.gserviceaccount.com",
            "project": "grand-reference-317002",
            "role": "roles/monitoring.metricWriter"
          },
          "sensitive_attributes": [],
          "private": "bnVsbA==",
          "dependencies": [
            "google_service_account.service_account"
          ]
        },
        {
          "index_key": "roles/monitoring.viewer",
          "schema_version": 0,
          "attributes": {
            "condition": [],
            "etag": "BwXE2tvUmtI=",
            "id": "grand-reference-317002/roles/monitoring.viewer/serviceAccount:test1gcp@grand-reference-317002.iam.gserviceaccount.com",
            "member": "serviceAccount:test1gcp@grand-reference-317002.iam.gserviceaccount.com",
            "project": "grand-reference-317002",
            "role": "roles/monitoring.viewer"
          },
          "sensitive_attributes": [],
          "private": "bnVsbA==",
          "dependencies": [
            "google_service_account.service_account"
          ]
        },
        {
          "index_key": "roles/stackdriver.resourceMetadata.writer",
          "schema_version": 0,
          "attributes": {
            "condition": [],
            "etag": "BwXE2tvUmtI=",
            "id": "grand-reference-317002/roles/stackdriver.resourceMetadata.writer/serviceAccount:test1gcp@grand-reference-317002.iam.gserviceaccount.com",
            "member": "serviceAccount:test1gcp@grand-reference-317002.iam.gserviceaccount.com",
            "project": "grand-reference-317002",
            "role": "roles/stackdriver.resourceMetadata.writer"
          },
          "sensitive_attributes": [],
          "private": "bnVsbA==",
          "dependencies": [
            "google_service_account.service_account"
          ]
        }
      ]
    },
    {
      "mode": "managed",
      "type": "google_service_account",
      "name": "service_account",
      "provider": "provider[\"registry.terraform.io/hashicorp/google\"]",
      "instances": [
        {
          "schema_version": 0,
          "attributes": {
            "account_id": "test1gcp",
            "description": "",
            "display_name": "",
            "email": "test1gcp@grand-reference-317002.iam.gserviceaccount.com",
            "id": "projects/grand-reference-317002/serviceAccounts/test1gcp@grand-reference-317002.iam.gserviceaccount.com",
            "name": "projects/grand-reference-317002/serviceAccounts/test1gcp@grand-reference-317002.iam.gserviceaccount.com",
            "project": "grand-reference-317002",
            "timeouts": null,
            "unique_id": "103401731578628887652"
          },
          "sensitive_attributes": [],
          "private": "eyJlMmJmYjczMC1lY2FhLTExZTYtOGY4OC0zNDM2M2JjN2M0YzAiOnsiY3JlYXRlIjozMDAwMDAwMDAwMDB9fQ=="
        }
      ]
    }
  ]
}
